// !$*UTF8*$!
{
	archiveVersion = 1;
	classes = {
	};
	objectVersion = 51;
	objects = {

/* Begin PBXBuildFile section */
		A94E56D3A3B772C9BB926985 /* Pods_GitHub_Viper.framework in Frameworks */ = {isa = PBXBuildFile; fileRef = 49C29361BCA379FA6CFFDA8C /* Pods_GitHub_Viper.framework */; };
		E611460A25087C7F00B0719E /* HttpService.swift in Sources */ = {isa = PBXBuildFile; fileRef = E611460925087C7F00B0719E /* HttpService.swift */; };
		E611460C25087D8000B0719E /* HttpRouter.swift in Sources */ = {isa = PBXBuildFile; fileRef = E611460B25087D8000B0719E /* HttpRouter.swift */; };
		E611460E25087FB900B0719E /* RepositoriesHttpService.swift in Sources */ = {isa = PBXBuildFile; fileRef = E611460D25087FB900B0719E /* RepositoriesHttpService.swift */; };
		E61146102508817E00B0719E /* RepositoriesHttpRouter.swift in Sources */ = {isa = PBXBuildFile; fileRef = E611460F2508817E00B0719E /* RepositoriesHttpRouter.swift */; };
		E611461425088A3D00B0719E /* RepositoriesAPI.swift in Sources */ = {isa = PBXBuildFile; fileRef = E611461325088A3D00B0719E /* RepositoriesAPI.swift */; };
		E611461625088B6C00B0719E /* User.swift in Sources */ = {isa = PBXBuildFile; fileRef = E611461525088B6C00B0719E /* User.swift */; };
		E611461825088C7200B0719E /* RepositoriesService.swift in Sources */ = {isa = PBXBuildFile; fileRef = E611461725088C7200B0719E /* RepositoriesService.swift */; };
		E611461C2509499300B0719E /* ImageAPI.swift in Sources */ = {isa = PBXBuildFile; fileRef = E611461B2509499300B0719E /* ImageAPI.swift */; };
		E6C759F42507D5EA004466B4 /* AppDelegate.swift in Sources */ = {isa = PBXBuildFile; fileRef = E6C759F32507D5EA004466B4 /* AppDelegate.swift */; };
		E6C759F62507D5EA004466B4 /* SceneDelegate.swift in Sources */ = {isa = PBXBuildFile; fileRef = E6C759F52507D5EA004466B4 /* SceneDelegate.swift */; };
		E6C759F82507D5EA004466B4 /* HomeViewController.swift in Sources */ = {isa = PBXBuildFile; fileRef = E6C759F72507D5EA004466B4 /* HomeViewController.swift */; };
		E6C759FB2507D5EA004466B4 /* Main.storyboard in Resources */ = {isa = PBXBuildFile; fileRef = E6C759F92507D5EA004466B4 /* Main.storyboard */; };
		E6C759FE2507D5EA004466B4 /* GitHub_Viper.xcdatamodeld in Sources */ = {isa = PBXBuildFile; fileRef = E6C759FC2507D5EA004466B4 /* GitHub_Viper.xcdatamodeld */; };
		E6C75A002507D5EC004466B4 /* Assets.xcassets in Resources */ = {isa = PBXBuildFile; fileRef = E6C759FF2507D5EC004466B4 /* Assets.xcassets */; };
		E6C75A032507D5EC004466B4 /* LaunchScreen.storyboard in Resources */ = {isa = PBXBuildFile; fileRef = E6C75A012507D5EC004466B4 /* LaunchScreen.storyboard */; };
		E6C75A0E2507D5ED004466B4 /* GitHub_ViperTests.swift in Sources */ = {isa = PBXBuildFile; fileRef = E6C75A0D2507D5ED004466B4 /* GitHub_ViperTests.swift */; };
		E6C75A1A2507D8E3004466B4 /* HomePresenter.swift in Sources */ = {isa = PBXBuildFile; fileRef = E6C75A192507D8E3004466B4 /* HomePresenter.swift */; };
		E6C75A1C2507D911004466B4 /* HomeRouter.swift in Sources */ = {isa = PBXBuildFile; fileRef = E6C75A1B2507D911004466B4 /* HomeRouter.swift */; };
		E6C75A1E2507D945004466B4 /* HomeInteractor.swift in Sources */ = {isa = PBXBuildFile; fileRef = E6C75A1D2507D945004466B4 /* HomeInteractor.swift */; };
		E6C75A22250804DA004466B4 /* Repositories.swift in Sources */ = {isa = PBXBuildFile; fileRef = E6C75A21250804DA004466B4 /* Repositories.swift */; };
		E6C75A242508053D004466B4 /* HomeModuleBuilder.swift in Sources */ = {isa = PBXBuildFile; fileRef = E6C75A232508053D004466B4 /* HomeModuleBuilder.swift */; };
		F3F772FDCDC05B47FBA30EE9 /* Pods_GitHub_ViperTests.framework in Frameworks */ = {isa = PBXBuildFile; fileRef = 1BA63A7BAFE7AE5B8B2054F0 /* Pods_GitHub_ViperTests.framework */; };
/* End PBXBuildFile section */

/* Begin PBXContainerItemProxy section */
		E6C75A0A2507D5ED004466B4 /* PBXContainerItemProxy */ = {
			isa = PBXContainerItemProxy;
			containerPortal = E6C759E82507D5EA004466B4 /* Project object */;
			proxyType = 1;
			remoteGlobalIDString = E6C759EF2507D5EA004466B4;
			remoteInfo = GitHub_Viper;
		};
/* End PBXContainerItemProxy section */

/* Begin PBXFileReference section */
		02BB52F26C53837C2933113C /* Pods-GitHub_ViperTests.debug.xcconfig */ = {isa = PBXFileReference; includeInIndex = 1; lastKnownFileType = text.xcconfig; name = "Pods-GitHub_ViperTests.debug.xcconfig"; path = "Target Support Files/Pods-GitHub_ViperTests/Pods-GitHub_ViperTests.debug.xcconfig"; sourceTree = "<group>"; };
		0B7EADBAEF928004B9CA8420 /* Pods-GitHub_Viper.debug.xcconfig */ = {isa = PBXFileReference; includeInIndex = 1; lastKnownFileType = text.xcconfig; name = "Pods-GitHub_Viper.debug.xcconfig"; path = "Target Support Files/Pods-GitHub_Viper/Pods-GitHub_Viper.debug.xcconfig"; sourceTree = "<group>"; };
		1BA63A7BAFE7AE5B8B2054F0 /* Pods_GitHub_ViperTests.framework */ = {isa = PBXFileReference; explicitFileType = wrapper.framework; includeInIndex = 0; path = Pods_GitHub_ViperTests.framework; sourceTree = BUILT_PRODUCTS_DIR; };
		49C29361BCA379FA6CFFDA8C /* Pods_GitHub_Viper.framework */ = {isa = PBXFileReference; explicitFileType = wrapper.framework; includeInIndex = 0; path = Pods_GitHub_Viper.framework; sourceTree = BUILT_PRODUCTS_DIR; };
		78738022E0A15FED6D6B03C8 /* Pods-GitHub_Viper.release.xcconfig */ = {isa = PBXFileReference; includeInIndex = 1; lastKnownFileType = text.xcconfig; name = "Pods-GitHub_Viper.release.xcconfig"; path = "Target Support Files/Pods-GitHub_Viper/Pods-GitHub_Viper.release.xcconfig"; sourceTree = "<group>"; };
		7E6CC08893B672A6932F3FD4 /* Pods-GitHub_ViperTests.release.xcconfig */ = {isa = PBXFileReference; includeInIndex = 1; lastKnownFileType = text.xcconfig; name = "Pods-GitHub_ViperTests.release.xcconfig"; path = "Target Support Files/Pods-GitHub_ViperTests/Pods-GitHub_ViperTests.release.xcconfig"; sourceTree = "<group>"; };
		E611460925087C7F00B0719E /* HttpService.swift */ = {isa = PBXFileReference; lastKnownFileType = sourcecode.swift; path = HttpService.swift; sourceTree = "<group>"; };
		E611460B25087D8000B0719E /* HttpRouter.swift */ = {isa = PBXFileReference; lastKnownFileType = sourcecode.swift; path = HttpRouter.swift; sourceTree = "<group>"; };
		E611460D25087FB900B0719E /* RepositoriesHttpService.swift */ = {isa = PBXFileReference; lastKnownFileType = sourcecode.swift; path = RepositoriesHttpService.swift; sourceTree = "<group>"; };
		E611460F2508817E00B0719E /* RepositoriesHttpRouter.swift */ = {isa = PBXFileReference; lastKnownFileType = sourcecode.swift; path = RepositoriesHttpRouter.swift; sourceTree = "<group>"; };
		E611461325088A3D00B0719E /* RepositoriesAPI.swift */ = {isa = PBXFileReference; lastKnownFileType = sourcecode.swift; path = RepositoriesAPI.swift; sourceTree = "<group>"; };
		E611461525088B6C00B0719E /* User.swift */ = {isa = PBXFileReference; lastKnownFileType = sourcecode.swift; path = User.swift; sourceTree = "<group>"; };
		E611461725088C7200B0719E /* RepositoriesService.swift */ = {isa = PBXFileReference; lastKnownFileType = sourcecode.swift; path = RepositoriesService.swift; sourceTree = "<group>"; };
		E611461B2509499300B0719E /* ImageAPI.swift */ = {isa = PBXFileReference; lastKnownFileType = sourcecode.swift; path = ImageAPI.swift; sourceTree = "<group>"; };
		E6C759F02507D5EA004466B4 /* GitHub_Viper.app */ = {isa = PBXFileReference; explicitFileType = wrapper.application; includeInIndex = 0; path = GitHub_Viper.app; sourceTree = BUILT_PRODUCTS_DIR; };
		E6C759F32507D5EA004466B4 /* AppDelegate.swift */ = {isa = PBXFileReference; lastKnownFileType = sourcecode.swift; path = AppDelegate.swift; sourceTree = "<group>"; };
		E6C759F52507D5EA004466B4 /* SceneDelegate.swift */ = {isa = PBXFileReference; lastKnownFileType = sourcecode.swift; path = SceneDelegate.swift; sourceTree = "<group>"; };
		E6C759F72507D5EA004466B4 /* HomeViewController.swift */ = {isa = PBXFileReference; lastKnownFileType = sourcecode.swift; path = HomeViewController.swift; sourceTree = "<group>"; };
		E6C759FA2507D5EA004466B4 /* Base */ = {isa = PBXFileReference; lastKnownFileType = file.storyboard; name = Base; path = Base.lproj/Main.storyboard; sourceTree = "<group>"; };
		E6C759FD2507D5EA004466B4 /* GitHub_Viper.xcdatamodel */ = {isa = PBXFileReference; lastKnownFileType = wrapper.xcdatamodel; path = GitHub_Viper.xcdatamodel; sourceTree = "<group>"; };
		E6C759FF2507D5EC004466B4 /* Assets.xcassets */ = {isa = PBXFileReference; lastKnownFileType = folder.assetcatalog; path = Assets.xcassets; sourceTree = "<group>"; };
		E6C75A022507D5EC004466B4 /* Base */ = {isa = PBXFileReference; lastKnownFileType = file.storyboard; name = Base; path = Base.lproj/LaunchScreen.storyboard; sourceTree = "<group>"; };
		E6C75A042507D5EC004466B4 /* Info.plist */ = {isa = PBXFileReference; lastKnownFileType = text.plist.xml; path = Info.plist; sourceTree = "<group>"; };
		E6C75A092507D5ED004466B4 /* GitHub_ViperTests.xctest */ = {isa = PBXFileReference; explicitFileType = wrapper.cfbundle; includeInIndex = 0; path = GitHub_ViperTests.xctest; sourceTree = BUILT_PRODUCTS_DIR; };
		E6C75A0D2507D5ED004466B4 /* GitHub_ViperTests.swift */ = {isa = PBXFileReference; lastKnownFileType = sourcecode.swift; path = GitHub_ViperTests.swift; sourceTree = "<group>"; };
		E6C75A0F2507D5ED004466B4 /* Info.plist */ = {isa = PBXFileReference; lastKnownFileType = text.plist.xml; path = Info.plist; sourceTree = "<group>"; };
		E6C75A192507D8E3004466B4 /* HomePresenter.swift */ = {isa = PBXFileReference; lastKnownFileType = sourcecode.swift; path = HomePresenter.swift; sourceTree = "<group>"; };
		E6C75A1B2507D911004466B4 /* HomeRouter.swift */ = {isa = PBXFileReference; lastKnownFileType = sourcecode.swift; path = HomeRouter.swift; sourceTree = "<group>"; };
		E6C75A1D2507D945004466B4 /* HomeInteractor.swift */ = {isa = PBXFileReference; lastKnownFileType = sourcecode.swift; path = HomeInteractor.swift; sourceTree = "<group>"; };
		E6C75A21250804DA004466B4 /* Repositories.swift */ = {isa = PBXFileReference; lastKnownFileType = sourcecode.swift; path = Repositories.swift; sourceTree = "<group>"; };
		E6C75A232508053D004466B4 /* HomeModuleBuilder.swift */ = {isa = PBXFileReference; lastKnownFileType = sourcecode.swift; path = HomeModuleBuilder.swift; sourceTree = "<group>"; };
/* End PBXFileReference section */

/* Begin PBXFrameworksBuildPhase section */
		E6C759ED2507D5EA004466B4 /* Frameworks */ = {
			isa = PBXFrameworksBuildPhase;
			buildActionMask = 2147483647;
			files = (
				A94E56D3A3B772C9BB926985 /* Pods_GitHub_Viper.framework in Frameworks */,
			);
			runOnlyForDeploymentPostprocessing = 0;
		};
		E6C75A062507D5ED004466B4 /* Frameworks */ = {
			isa = PBXFrameworksBuildPhase;
			buildActionMask = 2147483647;
			files = (
				F3F772FDCDC05B47FBA30EE9 /* Pods_GitHub_ViperTests.framework in Frameworks */,
			);
			runOnlyForDeploymentPostprocessing = 0;
		};
/* End PBXFrameworksBuildPhase section */

/* Begin PBXGroup section */
		88CAA2A73B919C713B140CF2 /* Pods */ = {
			isa = PBXGroup;
			children = (
				0B7EADBAEF928004B9CA8420 /* Pods-GitHub_Viper.debug.xcconfig */,
				78738022E0A15FED6D6B03C8 /* Pods-GitHub_Viper.release.xcconfig */,
				02BB52F26C53837C2933113C /* Pods-GitHub_ViperTests.debug.xcconfig */,
				7E6CC08893B672A6932F3FD4 /* Pods-GitHub_ViperTests.release.xcconfig */,
			);
			path = Pods;
			sourceTree = "<group>";
		};
		BF03BBC87BE88301D48BD04F /* Frameworks */ = {
			isa = PBXGroup;
			children = (
				49C29361BCA379FA6CFFDA8C /* Pods_GitHub_Viper.framework */,
				1BA63A7BAFE7AE5B8B2054F0 /* Pods_GitHub_ViperTests.framework */,
			);
			name = Frameworks;
			sourceTree = "<group>";
		};
		E61146082508762B00B0719E /* Service */ = {
			isa = PBXGroup;
			children = (
				E6114611250887BA00B0719E /* Repositories */,
				E611460925087C7F00B0719E /* HttpService.swift */,
				E611460B25087D8000B0719E /* HttpRouter.swift */,
			);
			path = Service;
			sourceTree = "<group>";
		};
		E6114611250887BA00B0719E /* Repositories */ = {
			isa = PBXGroup;
			children = (
				E611460D25087FB900B0719E /* RepositoriesHttpService.swift */,
				E611460F2508817E00B0719E /* RepositoriesHttpRouter.swift */,
			);
			path = Repositories;
			sourceTree = "<group>";
		};
		E6114612250888A100B0719E /* HttpServices */ = {
			isa = PBXGroup;
			children = (
				E611461325088A3D00B0719E /* RepositoriesAPI.swift */,
				E611461B2509499300B0719E /* ImageAPI.swift */,
				E611461725088C7200B0719E /* RepositoriesService.swift */,
			);
			path = HttpServices;
			sourceTree = "<group>";
		};
		E6C759E72507D5EA004466B4 = {
			isa = PBXGroup;
			children = (
				E6C759F22507D5EA004466B4 /* GitHub_Viper */,
				E6C75A0C2507D5ED004466B4 /* GitHub_ViperTests */,
				E6C759F12507D5EA004466B4 /* Products */,
				88CAA2A73B919C713B140CF2 /* Pods */,
				BF03BBC87BE88301D48BD04F /* Frameworks */,
			);
			sourceTree = "<group>";
		};
		E6C759F12507D5EA004466B4 /* Products */ = {
			isa = PBXGroup;
			children = (
				E6C759F02507D5EA004466B4 /* GitHub_Viper.app */,
				E6C75A092507D5ED004466B4 /* GitHub_ViperTests.xctest */,
			);
			name = Products;
			sourceTree = "<group>";
		};
		E6C759F22507D5EA004466B4 /* GitHub_Viper */ = {
			isa = PBXGroup;
			children = (
				E6114612250888A100B0719E /* HttpServices */,
				E61146082508762B00B0719E /* Service */,
				E6C75A2525081DB6004466B4 /* Resource */,
				E6C75A202507D977004466B4 /* Models */,
				E6C75A182507D80E004466B4 /* HomeModule */,
				E6C759F92507D5EA004466B4 /* Main.storyboard */,
				E6C75A012507D5EC004466B4 /* LaunchScreen.storyboard */,
				E6C759FC2507D5EA004466B4 /* GitHub_Viper.xcdatamodeld */,
			);
			path = GitHub_Viper;
			sourceTree = "<group>";
		};
		E6C75A0C2507D5ED004466B4 /* GitHub_ViperTests */ = {
			isa = PBXGroup;
			children = (
				E6C75A0D2507D5ED004466B4 /* GitHub_ViperTests.swift */,
				E6C75A0F2507D5ED004466B4 /* Info.plist */,
			);
			path = GitHub_ViperTests;
			sourceTree = "<group>";
		};
		E6C75A182507D80E004466B4 /* HomeModule */ = {
			isa = PBXGroup;
			children = (
				E6C759F72507D5EA004466B4 /* HomeViewController.swift */,
				E6C75A192507D8E3004466B4 /* HomePresenter.swift */,
				E6C75A232508053D004466B4 /* HomeModuleBuilder.swift */,
				E6C75A1D2507D945004466B4 /* HomeInteractor.swift */,
				E6C75A1B2507D911004466B4 /* HomeRouter.swift */,
			);
			path = HomeModule;
			sourceTree = "<group>";
		};
		E6C75A202507D977004466B4 /* Models */ = {
			isa = PBXGroup;
			children = (
				E6C75A21250804DA004466B4 /* Repositories.swift */,
				E611461525088B6C00B0719E /* User.swift */,
			);
			path = Models;
			sourceTree = "<group>";
		};
		E6C75A2525081DB6004466B4 /* Resource */ = {
			isa = PBXGroup;
			children = (
				E6C75A042507D5EC004466B4 /* Info.plist */,
				E6C759FF2507D5EC004466B4 /* Assets.xcassets */,
				E6C759F32507D5EA004466B4 /* AppDelegate.swift */,
				E6C759F52507D5EA004466B4 /* SceneDelegate.swift */,
			);
			path = Resource;
			sourceTree = "<group>";
		};
/* End PBXGroup section */

/* Begin PBXNativeTarget section */
		E6C759EF2507D5EA004466B4 /* GitHub_Viper */ = {
			isa = PBXNativeTarget;
			buildConfigurationList = E6C75A122507D5ED004466B4 /* Build configuration list for PBXNativeTarget "GitHub_Viper" */;
			buildPhases = (
				E9C6F80494B74E6C27E022E4 /* [CP] Check Pods Manifest.lock */,
				E6C759EC2507D5EA004466B4 /* Sources */,
				E6C759ED2507D5EA004466B4 /* Frameworks */,
				E6C759EE2507D5EA004466B4 /* Resources */,
				D3A562802FBA529035248A33 /* [CP] Embed Pods Frameworks */,
			);
			buildRules = (
			);
			dependencies = (
			);
			name = GitHub_Viper;
			productName = GitHub_Viper;
			productReference = E6C759F02507D5EA004466B4 /* GitHub_Viper.app */;
			productType = "com.apple.product-type.application";
		};
		E6C75A082507D5ED004466B4 /* GitHub_ViperTests */ = {
			isa = PBXNativeTarget;
			buildConfigurationList = E6C75A152507D5ED004466B4 /* Build configuration list for PBXNativeTarget "GitHub_ViperTests" */;
			buildPhases = (
				6918BCD99923DAC749DAA46A /* [CP] Check Pods Manifest.lock */,
				E6C75A052507D5ED004466B4 /* Sources */,
				E6C75A062507D5ED004466B4 /* Frameworks */,
				E6C75A072507D5ED004466B4 /* Resources */,
				B0202DEF9A68E05C6810682B /* [CP] Embed Pods Frameworks */,
			);
			buildRules = (
			);
			dependencies = (
				E6C75A0B2507D5ED004466B4 /* PBXTargetDependency */,
			);
			name = GitHub_ViperTests;
			productName = GitHub_ViperTests;
			productReference = E6C75A092507D5ED004466B4 /* GitHub_ViperTests.xctest */;
			productType = "com.apple.product-type.bundle.unit-test";
		};
/* End PBXNativeTarget section */

/* Begin PBXProject section */
		E6C759E82507D5EA004466B4 /* Project object */ = {
			isa = PBXProject;
			attributes = {
				LastSwiftUpdateCheck = 1160;
				LastUpgradeCheck = 1160;
				ORGANIZATIONNAME = com.fabiofranca;
				TargetAttributes = {
					E6C759EF2507D5EA004466B4 = {
						CreatedOnToolsVersion = 11.6;
					};
					E6C75A082507D5ED004466B4 = {
						CreatedOnToolsVersion = 11.6;
						TestTargetID = E6C759EF2507D5EA004466B4;
					};
				};
			};
			buildConfigurationList = E6C759EB2507D5EA004466B4 /* Build configuration list for PBXProject "GitHub_Viper" */;
			compatibilityVersion = "Xcode 9.3";
			developmentRegion = en;
			hasScannedForEncodings = 0;
			knownRegions = (
				en,
				Base,
			);
			mainGroup = E6C759E72507D5EA004466B4;
			productRefGroup = E6C759F12507D5EA004466B4 /* Products */;
			projectDirPath = "";
			projectRoot = "";
			targets = (
				E6C759EF2507D5EA004466B4 /* GitHub_Viper */,
				E6C75A082507D5ED004466B4 /* GitHub_ViperTests */,
			);
		};
/* End PBXProject section */

/* Begin PBXResourcesBuildPhase section */
		E6C759EE2507D5EA004466B4 /* Resources */ = {
			isa = PBXResourcesBuildPhase;
			buildActionMask = 2147483647;
			files = (
				E6C75A032507D5EC004466B4 /* LaunchScreen.storyboard in Resources */,
				E6C75A002507D5EC004466B4 /* Assets.xcassets in Resources */,
				E6C759FB2507D5EA004466B4 /* Main.storyboard in Resources */,
			);
			runOnlyForDeploymentPostprocessing = 0;
		};
		E6C75A072507D5ED004466B4 /* Resources */ = {
			isa = PBXResourcesBuildPhase;
			buildActionMask = 2147483647;
			files = (
			);
			runOnlyForDeploymentPostprocessing = 0;
		};
/* End PBXResourcesBuildPhase section */

/* Begin PBXShellScriptBuildPhase section */
		6918BCD99923DAC749DAA46A /* [CP] Check Pods Manifest.lock */ = {
			isa = PBXShellScriptBuildPhase;
			buildActionMask = 2147483647;
			files = (
			);
			inputFileListPaths = (
			);
			inputPaths = (
				"${PODS_PODFILE_DIR_PATH}/Podfile.lock",
				"${PODS_ROOT}/Manifest.lock",
			);
			name = "[CP] Check Pods Manifest.lock";
			outputFileListPaths = (
			);
			outputPaths = (
				"$(DERIVED_FILE_DIR)/Pods-GitHub_ViperTests-checkManifestLockResult.txt",
			);
			runOnlyForDeploymentPostprocessing = 0;
			shellPath = /bin/sh;
			shellScript = "diff \"${PODS_PODFILE_DIR_PATH}/Podfile.lock\" \"${PODS_ROOT}/Manifest.lock\" > /dev/null\nif [ $? != 0 ] ; then\n    # print error to STDERR\n    echo \"error: The sandbox is not in sync with the Podfile.lock. Run 'pod install' or update your CocoaPods installation.\" >&2\n    exit 1\nfi\n# This output is used by Xcode 'outputs' to avoid re-running this script phase.\necho \"SUCCESS\" > \"${SCRIPT_OUTPUT_FILE_0}\"\n";
			showEnvVarsInLog = 0;
		};
		B0202DEF9A68E05C6810682B /* [CP] Embed Pods Frameworks */ = {
			isa = PBXShellScriptBuildPhase;
			buildActionMask = 2147483647;
			files = (
			);
			inputFileListPaths = (
				"${PODS_ROOT}/Target Support Files/Pods-GitHub_ViperTests/Pods-GitHub_ViperTests-frameworks-${CONFIGURATION}-input-files.xcfilelist",
			);
			name = "[CP] Embed Pods Frameworks";
			outputFileListPaths = (
				"${PODS_ROOT}/Target Support Files/Pods-GitHub_ViperTests/Pods-GitHub_ViperTests-frameworks-${CONFIGURATION}-output-files.xcfilelist",
			);
			runOnlyForDeploymentPostprocessing = 0;
			shellPath = /bin/sh;
			shellScript = "\"${PODS_ROOT}/Target Support Files/Pods-GitHub_ViperTests/Pods-GitHub_ViperTests-frameworks.sh\"\n";
			showEnvVarsInLog = 0;
		};
		D3A562802FBA529035248A33 /* [CP] Embed Pods Frameworks */ = {
			isa = PBXShellScriptBuildPhase;
			buildActionMask = 2147483647;
			files = (
			);
			inputFileListPaths = (
				"${PODS_ROOT}/Target Support Files/Pods-GitHub_Viper/Pods-GitHub_Viper-frameworks-${CONFIGURATION}-input-files.xcfilelist",
			);
			name = "[CP] Embed Pods Frameworks";
			outputFileListPaths = (
				"${PODS_ROOT}/Target Support Files/Pods-GitHub_Viper/Pods-GitHub_Viper-frameworks-${CONFIGURATION}-output-files.xcfilelist",
			);
			runOnlyForDeploymentPostprocessing = 0;
			shellPath = /bin/sh;
			shellScript = "\"${PODS_ROOT}/Target Support Files/Pods-GitHub_Viper/Pods-GitHub_Viper-frameworks.sh\"\n";
			showEnvVarsInLog = 0;
		};
		E9C6F80494B74E6C27E022E4 /* [CP] Check Pods Manifest.lock */ = {
			isa = PBXShellScriptBuildPhase;
			buildActionMask = 2147483647;
			files = (
			);
			inputFileListPaths = (
			);
			inputPaths = (
				"${PODS_PODFILE_DIR_PATH}/Podfile.lock",
				"${PODS_ROOT}/Manifest.lock",
			);
			name = "[CP] Check Pods Manifest.lock";
			outputFileListPaths = (
			);
			outputPaths = (
				"$(DERIVED_FILE_DIR)/Pods-GitHub_Viper-checkManifestLockResult.txt",
			);
			runOnlyForDeploymentPostprocessing = 0;
			shellPath = /bin/sh;
			shellScript = "diff \"${PODS_PODFILE_DIR_PATH}/Podfile.lock\" \"${PODS_ROOT}/Manifest.lock\" > /dev/null\nif [ $? != 0 ] ; then\n    # print error to STDERR\n    echo \"error: The sandbox is not in sync with the Podfile.lock. Run 'pod install' or update your CocoaPods installation.\" >&2\n    exit 1\nfi\n# This output is used by Xcode 'outputs' to avoid re-running this script phase.\necho \"SUCCESS\" > \"${SCRIPT_OUTPUT_FILE_0}\"\n";
			showEnvVarsInLog = 0;
		};
/* End PBXShellScriptBuildPhase section */

/* Begin PBXSourcesBuildPhase section */
		E6C759EC2507D5EA004466B4 /* Sources */ = {
			isa = PBXSourcesBuildPhase;
			buildActionMask = 2147483647;
			files = (
				E611461425088A3D00B0719E /* RepositoriesAPI.swift in Sources */,
				E6C759F82507D5EA004466B4 /* HomeViewController.swift in Sources */,
				E611460E25087FB900B0719E /* RepositoriesHttpService.swift in Sources */,
				E61146102508817E00B0719E /* RepositoriesHttpRouter.swift in Sources */,
				E6C75A1C2507D911004466B4 /* HomeRouter.swift in Sources */,
				E6C759FE2507D5EA004466B4 /* GitHub_Viper.xcdatamodeld in Sources */,
				E6C75A242508053D004466B4 /* HomeModuleBuilder.swift in Sources */,
				E611460C25087D8000B0719E /* HttpRouter.swift in Sources */,
				E611461625088B6C00B0719E /* User.swift in Sources */,
				E6C759F42507D5EA004466B4 /* AppDelegate.swift in Sources */,
				E611461C2509499300B0719E /* ImageAPI.swift in Sources */,
				E6C75A1A2507D8E3004466B4 /* HomePresenter.swift in Sources */,
				E6C75A22250804DA004466B4 /* Repositories.swift in Sources */,
				E6C759F62507D5EA004466B4 /* SceneDelegate.swift in Sources */,
				E611461825088C7200B0719E /* RepositoriesService.swift in Sources */,
				E6C75A1E2507D945004466B4 /* HomeInteractor.swift in Sources */,
				E611460A25087C7F00B0719E /* HttpService.swift in Sources */,
			);
			runOnlyForDeploymentPostprocessing = 0;
		};
		E6C75A052507D5ED004466B4 /* Sources */ = {
			isa = PBXSourcesBuildPhase;
			buildActionMask = 2147483647;
			files = (
				E6C75A0E2507D5ED004466B4 /* GitHub_ViperTests.swift in Sources */,
			);
			runOnlyForDeploymentPostprocessing = 0;
		};
/* End PBXSourcesBuildPhase section */

/* Begin PBXTargetDependency section */
		E6C75A0B2507D5ED004466B4 /* PBXTargetDependency */ = {
			isa = PBXTargetDependency;
			target = E6C759EF2507D5EA004466B4 /* GitHub_Viper */;
			targetProxy = E6C75A0A2507D5ED004466B4 /* PBXContainerItemProxy */;
		};
/* End PBXTargetDependency section */

/* Begin PBXVariantGroup section */
		E6C759F92507D5EA004466B4 /* Main.storyboard */ = {
			isa = PBXVariantGroup;
			children = (
				E6C759FA2507D5EA004466B4 /* Base */,
			);
			name = Main.storyboard;
			sourceTree = "<group>";
		};
		E6C75A012507D5EC004466B4 /* LaunchScreen.storyboard */ = {
			isa = PBXVariantGroup;
			children = (
				E6C75A022507D5EC004466B4 /* Base */,
			);
			name = LaunchScreen.storyboard;
			sourceTree = "<group>";
		};
/* End PBXVariantGroup section */

/* Begin XCBuildConfiguration section */
		E6C75A102507D5ED004466B4 /* Debug */ = {
			isa = XCBuildConfiguration;
			buildSettings = {
				ALWAYS_SEARCH_USER_PATHS = NO;
				CLANG_ANALYZER_NONNULL = YES;
				CLANG_ANALYZER_NUMBER_OBJECT_CONVERSION = YES_AGGRESSIVE;
				CLANG_CXX_LANGUAGE_STANDARD = "gnu++14";
				CLANG_CXX_LIBRARY = "libc++";
				CLANG_ENABLE_MODULES = YES;
				CLANG_ENABLE_OBJC_ARC = YES;
				CLANG_ENABLE_OBJC_WEAK = YES;
				CLANG_WARN_BLOCK_CAPTURE_AUTORELEASING = YES;
				CLANG_WARN_BOOL_CONVERSION = YES;
				CLANG_WARN_COMMA = YES;
				CLANG_WARN_CONSTANT_CONVERSION = YES;
				CLANG_WARN_DEPRECATED_OBJC_IMPLEMENTATIONS = YES;
				CLANG_WARN_DIRECT_OBJC_ISA_USAGE = YES_ERROR;
				CLANG_WARN_DOCUMENTATION_COMMENTS = YES;
				CLANG_WARN_EMPTY_BODY = YES;
				CLANG_WARN_ENUM_CONVERSION = YES;
				CLANG_WARN_INFINITE_RECURSION = YES;
				CLANG_WARN_INT_CONVERSION = YES;
				CLANG_WARN_NON_LITERAL_NULL_CONVERSION = YES;
				CLANG_WARN_OBJC_IMPLICIT_RETAIN_SELF = YES;
				CLANG_WARN_OBJC_LITERAL_CONVERSION = YES;
				CLANG_WARN_OBJC_ROOT_CLASS = YES_ERROR;
				CLANG_WARN_RANGE_LOOP_ANALYSIS = YES;
				CLANG_WARN_STRICT_PROTOTYPES = YES;
				CLANG_WARN_SUSPICIOUS_MOVE = YES;
				CLANG_WARN_UNGUARDED_AVAILABILITY = YES_AGGRESSIVE;
				CLANG_WARN_UNREACHABLE_CODE = YES;
				CLANG_WARN__DUPLICATE_METHOD_MATCH = YES;
				COPY_PHASE_STRIP = NO;
				DEBUG_INFORMATION_FORMAT = dwarf;
				ENABLE_STRICT_OBJC_MSGSEND = YES;
				ENABLE_TESTABILITY = YES;
				GCC_C_LANGUAGE_STANDARD = gnu11;
				GCC_DYNAMIC_NO_PIC = NO;
				GCC_NO_COMMON_BLOCKS = YES;
				GCC_OPTIMIZATION_LEVEL = 0;
				GCC_PREPROCESSOR_DEFINITIONS = (
					"DEBUG=1",
					"$(inherited)",
				);
				GCC_WARN_64_TO_32_BIT_CONVERSION = YES;
				GCC_WARN_ABOUT_RETURN_TYPE = YES_ERROR;
				GCC_WARN_UNDECLARED_SELECTOR = YES;
				GCC_WARN_UNINITIALIZED_AUTOS = YES_AGGRESSIVE;
				GCC_WARN_UNUSED_FUNCTION = YES;
				GCC_WARN_UNUSED_VARIABLE = YES;
				IPHONEOS_DEPLOYMENT_TARGET = 13.6;
				MTL_ENABLE_DEBUG_INFO = INCLUDE_SOURCE;
				MTL_FAST_MATH = YES;
				ONLY_ACTIVE_ARCH = YES;
				SDKROOT = iphoneos;
				SWIFT_ACTIVE_COMPILATION_CONDITIONS = DEBUG;
				SWIFT_OPTIMIZATION_LEVEL = "-Onone";
			};
			name = Debug;
		};
		E6C75A112507D5ED004466B4 /* Release */ = {
			isa = XCBuildConfiguration;
			buildSettings = {
				ALWAYS_SEARCH_USER_PATHS = NO;
				CLANG_ANALYZER_NONNULL = YES;
				CLANG_ANALYZER_NUMBER_OBJECT_CONVERSION = YES_AGGRESSIVE;
				CLANG_CXX_LANGUAGE_STANDARD = "gnu++14";
				CLANG_CXX_LIBRARY = "libc++";
				CLANG_ENABLE_MODULES = YES;
				CLANG_ENABLE_OBJC_ARC = YES;
				CLANG_ENABLE_OBJC_WEAK = YES;
				CLANG_WARN_BLOCK_CAPTURE_AUTORELEASING = YES;
				CLANG_WARN_BOOL_CONVERSION = YES;
				CLANG_WARN_COMMA = YES;
				CLANG_WARN_CONSTANT_CONVERSION = YES;
				CLANG_WARN_DEPRECATED_OBJC_IMPLEMENTATIONS = YES;
				CLANG_WARN_DIRECT_OBJC_ISA_USAGE = YES_ERROR;
				CLANG_WARN_DOCUMENTATION_COMMENTS = YES;
				CLANG_WARN_EMPTY_BODY = YES;
				CLANG_WARN_ENUM_CONVERSION = YES;
				CLANG_WARN_INFINITE_RECURSION = YES;
				CLANG_WARN_INT_CONVERSION = YES;
				CLANG_WARN_NON_LITERAL_NULL_CONVERSION = YES;
				CLANG_WARN_OBJC_IMPLICIT_RETAIN_SELF = YES;
				CLANG_WARN_OBJC_LITERAL_CONVERSION = YES;
				CLANG_WARN_OBJC_ROOT_CLASS = YES_ERROR;
				CLANG_WARN_RANGE_LOOP_ANALYSIS = YES;
				CLANG_WARN_STRICT_PROTOTYPES = YES;
				CLANG_WARN_SUSPICIOUS_MOVE = YES;
				CLANG_WARN_UNGUARDED_AVAILABILITY = YES_AGGRESSIVE;
				CLANG_WARN_UNREACHABLE_CODE = YES;
				CLANG_WARN__DUPLICATE_METHOD_MATCH = YES;
				COPY_PHASE_STRIP = NO;
				DEBUG_INFORMATION_FORMAT = "dwarf-with-dsym";
				ENABLE_NS_ASSERTIONS = NO;
				ENABLE_STRICT_OBJC_MSGSEND = YES;
				GCC_C_LANGUAGE_STANDARD = gnu11;
				GCC_NO_COMMON_BLOCKS = YES;
				GCC_WARN_64_TO_32_BIT_CONVERSION = YES;
				GCC_WARN_ABOUT_RETURN_TYPE = YES_ERROR;
				GCC_WARN_UNDECLARED_SELECTOR = YES;
				GCC_WARN_UNINITIALIZED_AUTOS = YES_AGGRESSIVE;
				GCC_WARN_UNUSED_FUNCTION = YES;
				GCC_WARN_UNUSED_VARIABLE = YES;
				IPHONEOS_DEPLOYMENT_TARGET = 13.6;
				MTL_ENABLE_DEBUG_INFO = NO;
				MTL_FAST_MATH = YES;
				SDKROOT = iphoneos;
				SWIFT_COMPILATION_MODE = wholemodule;
				SWIFT_OPTIMIZATION_LEVEL = "-O";
				VALIDATE_PRODUCT = YES;
			};
			name = Release;
		};
		E6C75A132507D5ED004466B4 /* Debug */ = {
			isa = XCBuildConfiguration;
			baseConfigurationReference = 0B7EADBAEF928004B9CA8420 /* Pods-GitHub_Viper.debug.xcconfig */;
			buildSettings = {
				ASSETCATALOG_COMPILER_APPICON_NAME = AppIcon;
				CODE_SIGN_STYLE = Automatic;
				DEVELOPMENT_TEAM = DRP2X5MTUR;
				INFOPLIST_FILE = GitHub_Viper/Resource/Info.plist;
				LD_RUNPATH_SEARCH_PATHS = (
					"$(inherited)",
					"@executable_path/Frameworks",
				);
				PRODUCT_BUNDLE_IDENTIFIER = "com.fabiofranca.GitHub-Viper";
				PRODUCT_NAME = "$(TARGET_NAME)";
				SWIFT_VERSION = 5.0;
				TARGETED_DEVICE_FAMILY = "1,2";
			};
			name = Debug;
		};
		E6C75A142507D5ED004466B4 /* Release */ = {
			isa = XCBuildConfiguration;
			baseConfigurationReference = 78738022E0A15FED6D6B03C8 /* Pods-GitHub_Viper.release.xcconfig */;
			buildSettings = {
				ASSETCATALOG_COMPILER_APPICON_NAME = AppIcon;
				CODE_SIGN_STYLE = Automatic;
				DEVELOPMENT_TEAM = DRP2X5MTUR;
				INFOPLIST_FILE = GitHub_Viper/Resource/Info.plist;
				LD_RUNPATH_SEARCH_PATHS = (
					"$(inherited)",
					"@executable_path/Frameworks",
				);
				PRODUCT_BUNDLE_IDENTIFIER = "com.fabiofranca.GitHub-Viper";
				PRODUCT_NAME = "$(TARGET_NAME)";
				SWIFT_VERSION = 5.0;
				TARGETED_DEVICE_FAMILY = "1,2";
			};
			name = Release;
		};
		E6C75A162507D5ED004466B4 /* Debug */ = {
			isa = XCBuildConfiguration;
			baseConfigurationReference = 02BB52F26C53837C2933113C /* Pods-GitHub_ViperTests.debug.xcconfig */;
			buildSettings = {
				ALWAYS_EMBED_SWIFT_STANDARD_LIBRARIES = YES;
				BUNDLE_LOADER = "$(TEST_HOST)";
				CODE_SIGN_STYLE = Automatic;
				DEVELOPMENT_TEAM = DRP2X5MTUR;
				INFOPLIST_FILE = GitHub_ViperTests/Info.plist;
				IPHONEOS_DEPLOYMENT_TARGET = 13.6;
				LD_RUNPATH_SEARCH_PATHS = (
					"$(inherited)",
					"@executable_path/Frameworks",
					"@loader_path/Frameworks",
				);
				PRODUCT_BUNDLE_IDENTIFIER = "com.fabiofranca.GitHub-ViperTests";
				PRODUCT_NAME = "$(TARGET_NAME)";
				SWIFT_VERSION = 5.0;
				TARGETED_DEVICE_FAMILY = "1,2";
				TEST_HOST = "$(BUILT_PRODUCTS_DIR)/GitHub_Viper.app/GitHub_Viper";
			};
			name = Debug;
		};
		E6C75A172507D5ED004466B4 /* Release */ = {
			isa = XCBuildConfiguration;
			baseConfigurationReference = 7E6CC08893B672A6932F3FD4 /* Pods-GitHub_ViperTests.release.xcconfig */;
			buildSettings = {
				ALWAYS_EMBED_SWIFT_STANDARD_LIBRARIES = YES;
				BUNDLE_LOADER = "$(TEST_HOST)";
				CODE_SIGN_STYLE = Automatic;
				DEVELOPMENT_TEAM = DRP2X5MTUR;
				INFOPLIST_FILE = GitHub_ViperTests/Info.plist;
				IPHONEOS_DEPLOYMENT_TARGET = 13.6;
				LD_RUNPATH_SEARCH_PATHS = (
					"$(inherited)",
					"@executable_path/Frameworks",
					"@loader_path/Frameworks",
				);
				PRODUCT_BUNDLE_IDENTIFIER = "com.fabiofranca.GitHub-ViperTests";
				PRODUCT_NAME = "$(TARGET_NAME)";
				SWIFT_VERSION = 5.0;
				TARGETED_DEVICE_FAMILY = "1,2";
				TEST_HOST = "$(BUILT_PRODUCTS_DIR)/GitHub_Viper.app/GitHub_Viper";
			};
			name = Release;
		};
/* End XCBuildConfiguration section */

/* Begin XCConfigurationList section */
		E6C759EB2507D5EA004466B4 /* Build configuration list for PBXProject "GitHub_Viper" */ = {
			isa = XCConfigurationList;
			buildConfigurations = (
				E6C75A102507D5ED004466B4 /* Debug */,
				E6C75A112507D5ED004466B4 /* Release */,
			);
			defaultConfigurationIsVisible = 0;
			defaultConfigurationName = Release;
		};
		E6C75A122507D5ED004466B4 /* Build configuration list for PBXNativeTarget "GitHub_Viper" */ = {
			isa = XCConfigurationList;
			buildConfigurations = (
				E6C75A132507D5ED004466B4 /* Debug */,
				E6C75A142507D5ED004466B4 /* Release */,
			);
			defaultConfigurationIsVisible = 0;
			defaultConfigurationName = Release;
		};
		E6C75A152507D5ED004466B4 /* Build configuration list for PBXNativeTarget "GitHub_ViperTests" */ = {
			isa = XCConfigurationList;
			buildConfigurations = (
				E6C75A162507D5ED004466B4 /* Debug */,
				E6C75A172507D5ED004466B4 /* Release */,
			);
			defaultConfigurationIsVisible = 0;
			defaultConfigurationName = Release;
		};
/* End XCConfigurationList section */

/* Begin XCVersionGroup section */
		E6C759FC2507D5EA004466B4 /* GitHub_Viper.xcdatamodeld */ = {
			isa = XCVersionGroup;
			children = (
				E6C759FD2507D5EA004466B4 /* GitHub_Viper.xcdatamodel */,
			);
			currentVersion = E6C759FD2507D5EA004466B4 /* GitHub_Viper.xcdatamodel */;
			path = GitHub_Viper.xcdatamodeld;
			sourceTree = "<group>";
			versionGroupType = wrapper.xcdatamodel;
		};
/* End XCVersionGroup section */
	};
	rootObject = E6C759E82507D5EA004466B4 /* Project object */;
}
